
Microsoft Visual Studio Solution File, Format Version 12.00
# Visual Studio Version 17
VisualStudioVersion = 17.0.31903.59
MinimumVisualStudioVersion = 10.0.40219.1
Project("{FAE04EC0-301F-11D3-BF4B-00C04F79EFBC}") = "ContactosApi", "ContactosApi\ContactosApi.csproj", "{9411E943-1BCC-437B-84F5-E69EE382F8C4}"
EndProject
Project("{FAE04EC0-301F-11D3-BF4B-00C04F79EFBC}") = "ContactosApi.Tests", "ContactosApi.Tests\ContactosApi.Tests.csproj", "{F374EFA1-332A-417D-9933-855F9F9538DB}"
EndProject
Global
	GlobalSection(SolutionConfigurationPlatforms) = preSolution
		Debug|Any CPU = Debug|Any CPU
		Release|Any CPU = Release|Any CPU
	EndGlobalSection
	GlobalSection(SolutionProperties) = preSolution
		HideSolutionNode = FALSE
	EndGlobalSection
	GlobalSection(ProjectConfigurationPlatforms) = postSolution
		{9411E943-1BCC-437B-84F5-E69EE382F8C4}.Debug|Any CPU.ActiveCfg = Debug|Any CPU
		{9411E943-1BCC-437B-84F5-E69EE382F8C4}.Debug|Any CPU.Build.0 = Debug|Any CPU
		{9411E943-1BCC-437B-84F5-E69EE382F8C4}.Release|Any CPU.ActiveCfg = Release|Any CPU
		{9411E943-1BCC-437B-84F5-E69EE382F8C4}.Release|Any CPU.Build.0 = Release|Any CPU
		{F374EFA1-332A-417D-9933-855F9F9538DB}.Debug|Any CPU.ActiveCfg = Debug|Any CPU
		{F374EFA1-332A-417D-9933-855F9F9538DB}.Debug|Any CPU.Build.0 = Debug|Any CPU
		{F374EFA1-332A-417D-9933-855F9F9538DB}.Release|Any CPU.ActiveCfg = Release|Any CPU
		{F374EFA1-332A-417D-9933-855F9F9538DB}.Release|Any CPU.Build.0 = Release|Any CPU
	EndGlobalSection
EndGlobal
